<?xml version="1.0" encoding="utf-8"?>
<Project ToolsVersion="4.0" xmlns="http://schemas.microsoft.com/developer/msbuild/2003">
  <ItemGroup>
    <Filter Include="Source Files">
      <UniqueIdentifier>{4FC737F1-C7A5-4376-A066-2A32D752A2FF}</UniqueIdentifier>
      <Extensions>cpp;c;cc;cxx;c++;cppm;ixx;def;odl;idl;hpj;bat;asm;asmx</Extensions>
    </Filter>
    <Filter Include="Header Files">
      <UniqueIdentifier>{93995380-89BD-4b04-88EB-625FBE52EBFB}</UniqueIdentifier>
      <Extensions>h;hh;hpp;hxx;h++;hm;inl;inc;ipp;xsd</Extensions>
    </Filter>
    <Filter Include="Resource Files">
      <UniqueIdentifier>{67DA6AB6-F800-4c08-8B7A-83BB121AAD01}</UniqueIdentifier>
      <Extensions>rc;ico;cur;bmp;dlg;rc2;rct;bin;rgs;gif;jpg;jpeg;jpe;resx;tiff;tif;png;wav;mfcribbon-ms</Extensions>
    </Filter>
  </ItemGroup>
  <ItemGroup>
    <ClInclude Include="framework.h">
      <Filter>Header Files</Filter>
    </ClInclude>
    <ClInclude Include="pch.h">
      <Filter>Header Files</Filter>
    </ClInclude>
    <ClInclude Include="SPMathPoint2D.h">
      <Filter>Header Files</Filter>
    </ClInclude>
    <ClInclude Include="SPMathLine2D.h">
      <Filter>Header Files</Filter>
    </ClInclude>
    <ClInclude Include="SPMathPolygon2D.h">
      <Filter>Header Files</Filter>
    </ClInclude>
    <ClInclude Include="SPMathTolerance.h">
      <Filter>Header Files</Filter>
    </ClInclude>
    <ClInclude Include="SPMathBox2D.h">
      <Filter>Header Files</Filter>
    </ClInclude>
    <ClInclude Include="SPMathVector2D.h">
      <Filter>Header Files</Filter>
    </ClInclude>
    <ClInclude Include="SPMathHatchLine2D.h">
      <Filter>Header Files</Filter>
    </ClInclude>
    <ClInclude Include="SPMathHatch2D.h">
      <Filter>Header Files</Filter>
    </ClInclude>
  </ItemGroup>
  <ItemGroup>
    <ClCompile Include="SPMathLibrary.cpp">
      <Filter>Source Files</Filter>
    </ClCompile>
    <ClCompile Include="pch.cpp">
      <Filter>Source Files</Filter>
    </ClCompile>
    <ClCompile Include="SPMathPoint2D.cpp">
      <Filter>Source Files</Filter>
    </ClCompile>
    <ClCompile Include="SPMathLine2D.cpp">
      <Filter>Source Files</Filter>
    </ClCompile>
    <ClCompile Include="SPMathPolygon2D.cpp">
      <Filter>Source Files</Filter>
    </ClCompile>
    <ClCompile Include="SPMathTolerance.cpp">
      <Filter>Source Files</Filter>
    </ClCompile>
    <ClCompile Include="SPMathBox2D.cpp">
      <Filter>Source Files</Filter>
    </ClCompile>
    <ClCompile Include="SPMathVector2D.cpp">
      <Filter>Source Files</Filter>
    </ClCompile>
    <ClCompile Include="SPMathHatchLine2D.cpp">
      <Filter>Source Files</Filter>
    </ClCompile>
    <ClCompile Include="SPMathHatch2D.cpp">
      <Filter>Source Files</Filter>
    </ClCompile>
  </ItemGroup>
</Project>